// !$*UTF8*$!
{
	archiveVersion = 1;
	classes = {
	};
	objectVersion = 46;
	objects = {

/* Begin PBXBuildFile section */
		844AE7B41DB786F500E1F8B0 /* Axis.framework in Frameworks */ = {isa = PBXBuildFile; fileRef = 844AE78B1DB786AA00E1F8B0 /* Axis.framework */; };
		844AE7B51DB786F500E1F8B0 /* CHTTPParser.framework in Frameworks */ = {isa = PBXBuildFile; fileRef = 844AE7911DB786AA00E1F8B0 /* CHTTPParser.framework */; };
		844AE7B61DB786F500E1F8B0 /* CLibvenice.framework in Frameworks */ = {isa = PBXBuildFile; fileRef = 844AE78D1DB786AA00E1F8B0 /* CLibvenice.framework */; };
		844AE7B71DB786F500E1F8B0 /* COpenSSL.framework in Frameworks */ = {isa = PBXBuildFile; fileRef = 844AE79B1DB786AA00E1F8B0 /* COpenSSL.framework */; };
		844AE7B81DB786F500E1F8B0 /* CPOSIX.framework in Frameworks */ = {isa = PBXBuildFile; fileRef = 844AE7831DB786AA00E1F8B0 /* CPOSIX.framework */; };
		844AE7B91DB786F500E1F8B0 /* CYAJL.framework in Frameworks */ = {isa = PBXBuildFile; fileRef = 844AE7891DB786AA00E1F8B0 /* CYAJL.framework */; };
		844AE7BA1DB786F500E1F8B0 /* File.framework in Frameworks */ = {isa = PBXBuildFile; fileRef = 844AE7951DB786AA00E1F8B0 /* File.framework */; };
		844AE7BB1DB786F500E1F8B0 /* HTTP.framework in Frameworks */ = {isa = PBXBuildFile; fileRef = 844AE7931DB786AA00E1F8B0 /* HTTP.framework */; };
		844AE7BC1DB786F500E1F8B0 /* HTTPFile.framework in Frameworks */ = {isa = PBXBuildFile; fileRef = 844AE7971DB786AA00E1F8B0 /* HTTPFile.framework */; };
		844AE7BD1DB786F500E1F8B0 /* HTTPServer.framework in Frameworks */ = {isa = PBXBuildFile; fileRef = 844AE7A11DB786AA00E1F8B0 /* HTTPServer.framework */; };
		844AE7BE1DB786F500E1F8B0 /* IP.framework in Frameworks */ = {isa = PBXBuildFile; fileRef = 844AE7991DB786AA00E1F8B0 /* IP.framework */; };
		844AE7BF1DB786F500E1F8B0 /* OpenSSL.framework in Frameworks */ = {isa = PBXBuildFile; fileRef = 844AE79D1DB786AA00E1F8B0 /* OpenSSL.framework */; };
		844AE7C01DB786F500E1F8B0 /* POSIX.framework in Frameworks */ = {isa = PBXBuildFile; fileRef = 844AE7851DB786AA00E1F8B0 /* POSIX.framework */; };
		844AE7C11DB786F500E1F8B0 /* Reflection.framework in Frameworks */ = {isa = PBXBuildFile; fileRef = 844AE7871DB786AA00E1F8B0 /* Reflection.framework */; };
		844AE7C21DB786F500E1F8B0 /* TCP.framework in Frameworks */ = {isa = PBXBuildFile; fileRef = 844AE79F1DB786AA00E1F8B0 /* TCP.framework */; };
		844AE7C31DB786F500E1F8B0 /* Venice.framework in Frameworks */ = {isa = PBXBuildFile; fileRef = 844AE78F1DB786AA00E1F8B0 /* Venice.framework */; };
		84E8305B1DB75CF800C32466 /* AppDelegate.swift in Sources */ = {isa = PBXBuildFile; fileRef = 84E8305A1DB75CF800C32466 /* AppDelegate.swift */; };
		84E8305D1DB75CF800C32466 /* ViewController.swift in Sources */ = {isa = PBXBuildFile; fileRef = 84E8305C1DB75CF800C32466 /* ViewController.swift */; };
		84E8305F1DB75CF800C32466 /* Assets.xcassets in Resources */ = {isa = PBXBuildFile; fileRef = 84E8305E1DB75CF800C32466 /* Assets.xcassets */; };
		84E830621DB75CF800C32466 /* Main.storyboard in Resources */ = {isa = PBXBuildFile; fileRef = 84E830601DB75CF800C32466 /* Main.storyboard */; };
		84E8306D1DB75CF800C32466 /* ServerSliderTests.swift in Sources */ = {isa = PBXBuildFile; fileRef = 84E8306C1DB75CF800C32466 /* ServerSliderTests.swift */; };
		84E830781DB75CF800C32466 /* ServerSliderUITests.swift in Sources */ = {isa = PBXBuildFile; fileRef = 84E830771DB75CF800C32466 /* ServerSliderUITests.swift */; };
/* End PBXBuildFile section */

/* Begin PBXContainerItemProxy section */
		844AE7821DB786AA00E1F8B0 /* PBXContainerItemProxy */ = {
			isa = PBXContainerItemProxy;
			containerPortal = 844AE76E1DB786A900E1F8B0 /* HTTPServer.xcodeproj */;
			proxyType = 2;
			remoteGlobalIDString = "_____Product_CPOSIX";
			remoteInfo = CPOSIX;
		};
		844AE7841DB786AA00E1F8B0 /* PBXContainerItemProxy */ = {
			isa = PBXContainerItemProxy;
			containerPortal = 844AE76E1DB786A900E1F8B0 /* HTTPServer.xcodeproj */;
			proxyType = 2;
			remoteGlobalIDString = "_____Product_POSIX";
			remoteInfo = POSIX;
		};
		844AE7861DB786AA00E1F8B0 /* PBXContainerItemProxy */ = {
			isa = PBXContainerItemProxy;
			containerPortal = 844AE76E1DB786A900E1F8B0 /* HTTPServer.xcodeproj */;
			proxyType = 2;
			remoteGlobalIDString = "_____Product_Reflection";
			remoteInfo = Reflection;
		};
		844AE7881DB786AA00E1F8B0 /* PBXContainerItemProxy */ = {
			isa = PBXContainerItemProxy;
			containerPortal = 844AE76E1DB786A900E1F8B0 /* HTTPServer.xcodeproj */;
			proxyType = 2;
			remoteGlobalIDString = "_____Product_CYAJL";
			remoteInfo = CYAJL;
		};
		844AE78A1DB786AA00E1F8B0 /* PBXContainerItemProxy */ = {
			isa = PBXContainerItemProxy;
			containerPortal = 844AE76E1DB786A900E1F8B0 /* HTTPServer.xcodeproj */;
			proxyType = 2;
			remoteGlobalIDString = "_____Product_Axis";
			remoteInfo = Axis;
		};
		844AE78C1DB786AA00E1F8B0 /* PBXContainerItemProxy */ = {
			isa = PBXContainerItemProxy;
			containerPortal = 844AE76E1DB786A900E1F8B0 /* HTTPServer.xcodeproj */;
			proxyType = 2;
			remoteGlobalIDString = "_____Product_CLibvenice";
			remoteInfo = CLibvenice;
		};
		844AE78E1DB786AA00E1F8B0 /* PBXContainerItemProxy */ = {
			isa = PBXContainerItemProxy;
			containerPortal = 844AE76E1DB786A900E1F8B0 /* HTTPServer.xcodeproj */;
			proxyType = 2;
			remoteGlobalIDString = "_____Product_Venice";
			remoteInfo = Venice;
		};
		844AE7901DB786AA00E1F8B0 /* PBXContainerItemProxy */ = {
			isa = PBXContainerItemProxy;
			containerPortal = 844AE76E1DB786A900E1F8B0 /* HTTPServer.xcodeproj */;
			proxyType = 2;
			remoteGlobalIDString = "_____Product_CHTTPParser";
			remoteInfo = CHTTPParser;
		};
		844AE7921DB786AA00E1F8B0 /* PBXContainerItemProxy */ = {
			isa = PBXContainerItemProxy;
			containerPortal = 844AE76E1DB786A900E1F8B0 /* HTTPServer.xcodeproj */;
			proxyType = 2;
			remoteGlobalIDString = "_____Product_HTTP";
			remoteInfo = HTTP;
		};
		844AE7941DB786AA00E1F8B0 /* PBXContainerItemProxy */ = {
			isa = PBXContainerItemProxy;
			containerPortal = 844AE76E1DB786A900E1F8B0 /* HTTPServer.xcodeproj */;
			proxyType = 2;
			remoteGlobalIDString = "_____Product_File";
			remoteInfo = File;
		};
		844AE7961DB786AA00E1F8B0 /* PBXContainerItemProxy */ = {
			isa = PBXContainerItemProxy;
			containerPortal = 844AE76E1DB786A900E1F8B0 /* HTTPServer.xcodeproj */;
			proxyType = 2;
			remoteGlobalIDString = "_____Product_HTTPFile";
			remoteInfo = HTTPFile;
		};
		844AE7981DB786AA00E1F8B0 /* PBXContainerItemProxy */ = {
			isa = PBXContainerItemProxy;
			containerPortal = 844AE76E1DB786A900E1F8B0 /* HTTPServer.xcodeproj */;
			proxyType = 2;
			remoteGlobalIDString = "_____Product_IP";
			remoteInfo = IP;
		};
		844AE79A1DB786AA00E1F8B0 /* PBXContainerItemProxy */ = {
			isa = PBXContainerItemProxy;
			containerPortal = 844AE76E1DB786A900E1F8B0 /* HTTPServer.xcodeproj */;
			proxyType = 2;
			remoteGlobalIDString = "_____Product_COpenSSL";
			remoteInfo = COpenSSL;
		};
		844AE79C1DB786AA00E1F8B0 /* PBXContainerItemProxy */ = {
			isa = PBXContainerItemProxy;
			containerPortal = 844AE76E1DB786A900E1F8B0 /* HTTPServer.xcodeproj */;
			proxyType = 2;
			remoteGlobalIDString = "_____Product_OpenSSL";
			remoteInfo = OpenSSL;
		};
		844AE79E1DB786AA00E1F8B0 /* PBXContainerItemProxy */ = {
			isa = PBXContainerItemProxy;
			containerPortal = 844AE76E1DB786A900E1F8B0 /* HTTPServer.xcodeproj */;
			proxyType = 2;
			remoteGlobalIDString = "_____Product_TCP";
			remoteInfo = TCP;
		};
		844AE7A01DB786AA00E1F8B0 /* PBXContainerItemProxy */ = {
			isa = PBXContainerItemProxy;
			containerPortal = 844AE76E1DB786A900E1F8B0 /* HTTPServer.xcodeproj */;
			proxyType = 2;
			remoteGlobalIDString = "_____Product_HTTPServer";
			remoteInfo = HTTPServer;
		};
		844AE7A21DB786AA00E1F8B0 /* PBXContainerItemProxy */ = {
			isa = PBXContainerItemProxy;
			containerPortal = 844AE76E1DB786A900E1F8B0 /* HTTPServer.xcodeproj */;
			proxyType = 2;
			remoteGlobalIDString = "_____Product_HTTPServerTests";
			remoteInfo = HTTPServerTests;
		};
		84E830691DB75CF800C32466 /* PBXContainerItemProxy */ = {
			isa = PBXContainerItemProxy;
			containerPortal = 84E8304F1DB75CF800C32466 /* Project object */;
			proxyType = 1;
			remoteGlobalIDString = 84E830561DB75CF800C32466;
			remoteInfo = ServerSlider;
		};
		84E830741DB75CF800C32466 /* PBXContainerItemProxy */ = {
			isa = PBXContainerItemProxy;
			containerPortal = 84E8304F1DB75CF800C32466 /* Project object */;
			proxyType = 1;
			remoteGlobalIDString = 84E830561DB75CF800C32466;
			remoteInfo = ServerSlider;
		};
/* End PBXContainerItemProxy section */

/* Begin PBXFileReference section */
		844AE76E1DB786A900E1F8B0 /* HTTPServer.xcodeproj */ = {isa = PBXFileReference; lastKnownFileType = "wrapper.pb-project"; name = HTTPServer.xcodeproj; path = HTTPServer/HTTPServer.xcodeproj; sourceTree = "<group>"; };
		84E830571DB75CF800C32466 /* ServerSlider.app */ = {isa = PBXFileReference; explicitFileType = wrapper.application; includeInIndex = 0; path = ServerSlider.app; sourceTree = BUILT_PRODUCTS_DIR; };
		84E8305A1DB75CF800C32466 /* AppDelegate.swift */ = {isa = PBXFileReference; lastKnownFileType = sourcecode.swift; path = AppDelegate.swift; sourceTree = "<group>"; };
		84E8305C1DB75CF800C32466 /* ViewController.swift */ = {isa = PBXFileReference; lastKnownFileType = sourcecode.swift; path = ViewController.swift; sourceTree = "<group>"; };
		84E8305E1DB75CF800C32466 /* Assets.xcassets */ = {isa = PBXFileReference; lastKnownFileType = folder.assetcatalog; path = Assets.xcassets; sourceTree = "<group>"; };
		84E830611DB75CF800C32466 /* Base */ = {isa = PBXFileReference; lastKnownFileType = file.storyboard; name = Base; path = Base.lproj/Main.storyboard; sourceTree = "<group>"; };
		84E830631DB75CF800C32466 /* Info.plist */ = {isa = PBXFileReference; lastKnownFileType = text.plist.xml; path = Info.plist; sourceTree = "<group>"; };
		84E830681DB75CF800C32466 /* ServerSliderTests.xctest */ = {isa = PBXFileReference; explicitFileType = wrapper.cfbundle; includeInIndex = 0; path = ServerSliderTests.xctest; sourceTree = BUILT_PRODUCTS_DIR; };
		84E8306C1DB75CF800C32466 /* ServerSliderTests.swift */ = {isa = PBXFileReference; lastKnownFileType = sourcecode.swift; path = ServerSliderTests.swift; sourceTree = "<group>"; };
		84E8306E1DB75CF800C32466 /* Info.plist */ = {isa = PBXFileReference; lastKnownFileType = text.plist.xml; path = Info.plist; sourceTree = "<group>"; };
		84E830731DB75CF800C32466 /* ServerSliderUITests.xctest */ = {isa = PBXFileReference; explicitFileType = wrapper.cfbundle; includeInIndex = 0; path = ServerSliderUITests.xctest; sourceTree = BUILT_PRODUCTS_DIR; };
		84E830771DB75CF800C32466 /* ServerSliderUITests.swift */ = {isa = PBXFileReference; lastKnownFileType = sourcecode.swift; path = ServerSliderUITests.swift; sourceTree = "<group>"; };
		84E830791DB75CF800C32466 /* Info.plist */ = {isa = PBXFileReference; lastKnownFileType = text.plist.xml; path = Info.plist; sourceTree = "<group>"; };
/* End PBXFileReference section */

/* Begin PBXFrameworksBuildPhase section */
		84E830541DB75CF800C32466 /* Frameworks */ = {
			isa = PBXFrameworksBuildPhase;
			buildActionMask = 2147483647;
			files = (
				844AE7B41DB786F500E1F8B0 /* Axis.framework in Frameworks */,
				844AE7B51DB786F500E1F8B0 /* CHTTPParser.framework in Frameworks */,
				844AE7B61DB786F500E1F8B0 /* CLibvenice.framework in Frameworks */,
				844AE7B71DB786F500E1F8B0 /* COpenSSL.framework in Frameworks */,
				844AE7B81DB786F500E1F8B0 /* CPOSIX.framework in Frameworks */,
				844AE7B91DB786F500E1F8B0 /* CYAJL.framework in Frameworks */,
				844AE7BA1DB786F500E1F8B0 /* File.framework in Frameworks */,
				844AE7BB1DB786F500E1F8B0 /* HTTP.framework in Frameworks */,
				844AE7BC1DB786F500E1F8B0 /* HTTPFile.framework in Frameworks */,
				844AE7BD1DB786F500E1F8B0 /* HTTPServer.framework in Frameworks */,
				844AE7BE1DB786F500E1F8B0 /* IP.framework in Frameworks */,
				844AE7BF1DB786F500E1F8B0 /* OpenSSL.framework in Frameworks */,
				844AE7C01DB786F500E1F8B0 /* POSIX.framework in Frameworks */,
				844AE7C11DB786F500E1F8B0 /* Reflection.framework in Frameworks */,
				844AE7C21DB786F500E1F8B0 /* TCP.framework in Frameworks */,
				844AE7C31DB786F500E1F8B0 /* Venice.framework in Frameworks */,
			);
			runOnlyForDeploymentPostprocessing = 0;
		};
		84E830651DB75CF800C32466 /* Frameworks */ = {
			isa = PBXFrameworksBuildPhase;
			buildActionMask = 2147483647;
			files = (
			);
			runOnlyForDeploymentPostprocessing = 0;
		};
		84E830701DB75CF800C32466 /* Frameworks */ = {
			isa = PBXFrameworksBuildPhase;
			buildActionMask = 2147483647;
			files = (
			);
			runOnlyForDeploymentPostprocessing = 0;
		};
/* End PBXFrameworksBuildPhase section */

/* Begin PBXGroup section */
		844AE76F1DB786A900E1F8B0 /* Products */ = {
			isa = PBXGroup;
			children = (
				844AE7831DB786AA00E1F8B0 /* CPOSIX.framework */,
				844AE7851DB786AA00E1F8B0 /* POSIX.framework */,
				844AE7871DB786AA00E1F8B0 /* Reflection.framework */,
				844AE7891DB786AA00E1F8B0 /* CYAJL.framework */,
				844AE78B1DB786AA00E1F8B0 /* Axis.framework */,
				844AE78D1DB786AA00E1F8B0 /* CLibvenice.framework */,
				844AE78F1DB786AA00E1F8B0 /* Venice.framework */,
				844AE7911DB786AA00E1F8B0 /* CHTTPParser.framework */,
				844AE7931DB786AA00E1F8B0 /* HTTP.framework */,
				844AE7951DB786AA00E1F8B0 /* File.framework */,
				844AE7971DB786AA00E1F8B0 /* HTTPFile.framework */,
				844AE7991DB786AA00E1F8B0 /* IP.framework */,
				844AE79B1DB786AA00E1F8B0 /* COpenSSL.framework */,
				844AE79D1DB786AA00E1F8B0 /* OpenSSL.framework */,
				844AE79F1DB786AA00E1F8B0 /* TCP.framework */,
				844AE7A11DB786AA00E1F8B0 /* HTTPServer.framework */,
				844AE7A31DB786AA00E1F8B0 /* HTTPServerTests.xctest */,
			);
			name = Products;
			sourceTree = "<group>";
		};
		84E8304E1DB75CF800C32466 = {
			isa = PBXGroup;
			children = (
				84E830591DB75CF800C32466 /* ServerSlider */,
				84E8306B1DB75CF800C32466 /* ServerSliderTests */,
				84E830761DB75CF800C32466 /* ServerSliderUITests */,
				84E830581DB75CF800C32466 /* Products */,
				844AE76E1DB786A900E1F8B0 /* HTTPServer.xcodeproj */,
			);
			sourceTree = "<group>";
		};
		84E830581DB75CF800C32466 /* Products */ = {
			isa = PBXGroup;
			children = (
				84E830571DB75CF800C32466 /* ServerSlider.app */,
				84E830681DB75CF800C32466 /* ServerSliderTests.xctest */,
				84E830731DB75CF800C32466 /* ServerSliderUITests.xctest */,
			);
			name = Products;
			sourceTree = "<group>";
		};
		84E830591DB75CF800C32466 /* ServerSlider */ = {
			isa = PBXGroup;
			children = (
				84E8305A1DB75CF800C32466 /* AppDelegate.swift */,
				84E8305C1DB75CF800C32466 /* ViewController.swift */,
				84E8305E1DB75CF800C32466 /* Assets.xcassets */,
				84E830601DB75CF800C32466 /* Main.storyboard */,
				84E830631DB75CF800C32466 /* Info.plist */,
			);
			path = ServerSlider;
			sourceTree = "<group>";
		};
		84E8306B1DB75CF800C32466 /* ServerSliderTests */ = {
			isa = PBXGroup;
			children = (
				84E8306C1DB75CF800C32466 /* ServerSliderTests.swift */,
				84E8306E1DB75CF800C32466 /* Info.plist */,
			);
			path = ServerSliderTests;
			sourceTree = "<group>";
		};
		84E830761DB75CF800C32466 /* ServerSliderUITests */ = {
			isa = PBXGroup;
			children = (
				84E830771DB75CF800C32466 /* ServerSliderUITests.swift */,
				84E830791DB75CF800C32466 /* Info.plist */,
			);
			path = ServerSliderUITests;
			sourceTree = "<group>";
		};
/* End PBXGroup section */

/* Begin PBXNativeTarget section */
		84E830561DB75CF800C32466 /* ServerSlider */ = {
			isa = PBXNativeTarget;
			buildConfigurationList = 84E8307C1DB75CF800C32466 /* Build configuration list for PBXNativeTarget "ServerSlider" */;
			buildPhases = (
				84E830531DB75CF800C32466 /* Sources */,
				84E830541DB75CF800C32466 /* Frameworks */,
				84E830551DB75CF800C32466 /* Resources */,
			);
			buildRules = (
			);
			dependencies = (
			);
			name = ServerSlider;
			productName = ServerSlider;
			productReference = 84E830571DB75CF800C32466 /* ServerSlider.app */;
			productType = "com.apple.product-type.application";
		};
		84E830671DB75CF800C32466 /* ServerSliderTests */ = {
			isa = PBXNativeTarget;
			buildConfigurationList = 84E8307F1DB75CF800C32466 /* Build configuration list for PBXNativeTarget "ServerSliderTests" */;
			buildPhases = (
				84E830641DB75CF800C32466 /* Sources */,
				84E830651DB75CF800C32466 /* Frameworks */,
				84E830661DB75CF800C32466 /* Resources */,
			);
			buildRules = (
			);
			dependencies = (
				84E8306A1DB75CF800C32466 /* PBXTargetDependency */,
			);
			name = ServerSliderTests;
			productName = ServerSliderTests;
			productReference = 84E830681DB75CF800C32466 /* ServerSliderTests.xctest */;
			productType = "com.apple.product-type.bundle.unit-test";
		};
		84E830721DB75CF800C32466 /* ServerSliderUITests */ = {
			isa = PBXNativeTarget;
			buildConfigurationList = 84E830821DB75CF800C32466 /* Build configuration list for PBXNativeTarget "ServerSliderUITests" */;
			buildPhases = (
				84E8306F1DB75CF800C32466 /* Sources */,
				84E830701DB75CF800C32466 /* Frameworks */,
				84E830711DB75CF800C32466 /* Resources */,
			);
			buildRules = (
			);
			dependencies = (
				84E830751DB75CF800C32466 /* PBXTargetDependency */,
			);
			name = ServerSliderUITests;
			productName = ServerSliderUITests;
			productReference = 84E830731DB75CF800C32466 /* ServerSliderUITests.xctest */;
			productType = "com.apple.product-type.bundle.ui-testing";
		};
/* End PBXNativeTarget section */

/* Begin PBXProject section */
		84E8304F1DB75CF800C32466 /* Project object */ = {
			isa = PBXProject;
			attributes = {
				LastSwiftUpdateCheck = 0800;
				LastUpgradeCheck = 0800;
				ORGANIZATIONNAME = "Rocketbox Ltd";
				TargetAttributes = {
					84E830561DB75CF800C32466 = {
						CreatedOnToolsVersion = 8.0;
						ProvisioningStyle = Automatic;
					};
					84E830671DB75CF800C32466 = {
						CreatedOnToolsVersion = 8.0;
						ProvisioningStyle = Automatic;
						TestTargetID = 84E830561DB75CF800C32466;
					};
					84E830721DB75CF800C32466 = {
						CreatedOnToolsVersion = 8.0;
						ProvisioningStyle = Automatic;
						TestTargetID = 84E830561DB75CF800C32466;
					};
				};
			};
			buildConfigurationList = 84E830521DB75CF800C32466 /* Build configuration list for PBXProject "ServerSlider" */;
			compatibilityVersion = "Xcode 3.2";
			developmentRegion = English;
			hasScannedForEncodings = 0;
			knownRegions = (
				en,
				Base,
			);
			mainGroup = 84E8304E1DB75CF800C32466;
			productRefGroup = 84E830581DB75CF800C32466 /* Products */;
			projectDirPath = "";
			projectReferences = (
				{
					ProductGroup = 844AE76F1DB786A900E1F8B0 /* Products */;
					ProjectRef = 844AE76E1DB786A900E1F8B0 /* HTTPServer.xcodeproj */;
				},
			);
			projectRoot = "";
			targets = (
				84E830561DB75CF800C32466 /* ServerSlider */,
				84E830671DB75CF800C32466 /* ServerSliderTests */,
				84E830721DB75CF800C32466 /* ServerSliderUITests */,
			);
		};
/* End PBXProject section */

/* Begin PBXReferenceProxy section */
		844AE7831DB786AA00E1F8B0 /* CPOSIX.framework */ = {
			isa = PBXReferenceProxy;
			fileType = wrapper.framework;
			path = CPOSIX.framework;
			remoteRef = 844AE7821DB786AA00E1F8B0 /* PBXContainerItemProxy */;
			sourceTree = BUILT_PRODUCTS_DIR;
		};
		844AE7851DB786AA00E1F8B0 /* POSIX.framework */ = {
			isa = PBXReferenceProxy;
			fileType = wrapper.framework;
			path = POSIX.framework;
			remoteRef = 844AE7841DB786AA00E1F8B0 /* PBXContainerItemProxy */;
			sourceTree = BUILT_PRODUCTS_DIR;
		};
		844AE7871DB786AA00E1F8B0 /* Reflection.framework */ = {
			isa = PBXReferenceProxy;
			fileType = wrapper.framework;
			path = Reflection.framework;
			remoteRef = 844AE7861DB786AA00E1F8B0 /* PBXContainerItemProxy */;
			sourceTree = BUILT_PRODUCTS_DIR;
		};
		844AE7891DB786AA00E1F8B0 /* CYAJL.framework */ = {
			isa = PBXReferenceProxy;
			fileType = wrapper.framework;
			path = CYAJL.framework;
			remoteRef = 844AE7881DB786AA00E1F8B0 /* PBXContainerItemProxy */;
			sourceTree = BUILT_PRODUCTS_DIR;
		};
		844AE78B1DB786AA00E1F8B0 /* Axis.framework */ = {
			isa = PBXReferenceProxy;
			fileType = wrapper.framework;
			path = Axis.framework;
			remoteRef = 844AE78A1DB786AA00E1F8B0 /* PBXContainerItemProxy */;
			sourceTree = BUILT_PRODUCTS_DIR;
		};
		844AE78D1DB786AA00E1F8B0 /* CLibvenice.framework */ = {
			isa = PBXReferenceProxy;
			fileType = wrapper.framework;
			path = CLibvenice.framework;
			remoteRef = 844AE78C1DB786AA00E1F8B0 /* PBXContainerItemProxy */;
			sourceTree = BUILT_PRODUCTS_DIR;
		};
		844AE78F1DB786AA00E1F8B0 /* Venice.framework */ = {
			isa = PBXReferenceProxy;
			fileType = wrapper.framework;
			path = Venice.framework;
			remoteRef = 844AE78E1DB786AA00E1F8B0 /* PBXContainerItemProxy */;
			sourceTree = BUILT_PRODUCTS_DIR;
		};
		844AE7911DB786AA00E1F8B0 /* CHTTPParser.framework */ = {
			isa = PBXReferenceProxy;
			fileType = wrapper.framework;
			path = CHTTPParser.framework;
			remoteRef = 844AE7901DB786AA00E1F8B0 /* PBXContainerItemProxy */;
			sourceTree = BUILT_PRODUCTS_DIR;
		};
		844AE7931DB786AA00E1F8B0 /* HTTP.framework */ = {
			isa = PBXReferenceProxy;
			fileType = wrapper.framework;
			path = HTTP.framework;
			remoteRef = 844AE7921DB786AA00E1F8B0 /* PBXContainerItemProxy */;
			sourceTree = BUILT_PRODUCTS_DIR;
		};
		844AE7951DB786AA00E1F8B0 /* File.framework */ = {
			isa = PBXReferenceProxy;
			fileType = wrapper.framework;
			path = File.framework;
			remoteRef = 844AE7941DB786AA00E1F8B0 /* PBXContainerItemProxy */;
			sourceTree = BUILT_PRODUCTS_DIR;
		};
		844AE7971DB786AA00E1F8B0 /* HTTPFile.framework */ = {
			isa = PBXReferenceProxy;
			fileType = wrapper.framework;
			path = HTTPFile.framework;
			remoteRef = 844AE7961DB786AA00E1F8B0 /* PBXContainerItemProxy */;
			sourceTree = BUILT_PRODUCTS_DIR;
		};
		844AE7991DB786AA00E1F8B0 /* IP.framework */ = {
			isa = PBXReferenceProxy;
			fileType = wrapper.framework;
			path = IP.framework;
			remoteRef = 844AE7981DB786AA00E1F8B0 /* PBXContainerItemProxy */;
			sourceTree = BUILT_PRODUCTS_DIR;
		};
		844AE79B1DB786AA00E1F8B0 /* COpenSSL.framework */ = {
			isa = PBXReferenceProxy;
			fileType = wrapper.framework;
			path = COpenSSL.framework;
			remoteRef = 844AE79A1DB786AA00E1F8B0 /* PBXContainerItemProxy */;
			sourceTree = BUILT_PRODUCTS_DIR;
		};
		844AE79D1DB786AA00E1F8B0 /* OpenSSL.framework */ = {
			isa = PBXReferenceProxy;
			fileType = wrapper.framework;
			path = OpenSSL.framework;
			remoteRef = 844AE79C1DB786AA00E1F8B0 /* PBXContainerItemProxy */;
			sourceTree = BUILT_PRODUCTS_DIR;
		};
		844AE79F1DB786AA00E1F8B0 /* TCP.framework */ = {
			isa = PBXReferenceProxy;
			fileType = wrapper.framework;
			path = TCP.framework;
			remoteRef = 844AE79E1DB786AA00E1F8B0 /* PBXContainerItemProxy */;
			sourceTree = BUILT_PRODUCTS_DIR;
		};
		844AE7A11DB786AA00E1F8B0 /* HTTPServer.framework */ = {
			isa = PBXReferenceProxy;
			fileType = wrapper.framework;
			path = HTTPServer.framework;
			remoteRef = 844AE7A01DB786AA00E1F8B0 /* PBXContainerItemProxy */;
			sourceTree = BUILT_PRODUCTS_DIR;
		};
		844AE7A31DB786AA00E1F8B0 /* HTTPServerTests.xctest */ = {
			isa = PBXReferenceProxy;
			fileType = file;
			path = HTTPServerTests.xctest;
			remoteRef = 844AE7A21DB786AA00E1F8B0 /* PBXContainerItemProxy */;
			sourceTree = BUILT_PRODUCTS_DIR;
		};
/* End PBXReferenceProxy section */

/* Begin PBXResourcesBuildPhase section */
		84E830551DB75CF800C32466 /* Resources */ = {
			isa = PBXResourcesBuildPhase;
			buildActionMask = 2147483647;
			files = (
				84E8305F1DB75CF800C32466 /* Assets.xcassets in Resources */,
				84E830621DB75CF800C32466 /* Main.storyboard in Resources */,
			);
			runOnlyForDeploymentPostprocessing = 0;
		};
		84E830661DB75CF800C32466 /* Resources */ = {
			isa = PBXResourcesBuildPhase;
			buildActionMask = 2147483647;
			files = (
			);
			runOnlyForDeploymentPostprocessing = 0;
		};
		84E830711DB75CF800C32466 /* Resources */ = {
			isa = PBXResourcesBuildPhase;
			buildActionMask = 2147483647;
			files = (
			);
			runOnlyForDeploymentPostprocessing = 0;
		};
/* End PBXResourcesBuildPhase section */

/* Begin PBXSourcesBuildPhase section */
		84E830531DB75CF800C32466 /* Sources */ = {
			isa = PBXSourcesBuildPhase;
			buildActionMask = 2147483647;
			files = (
				84E8305D1DB75CF800C32466 /* ViewController.swift in Sources */,
				84E8305B1DB75CF800C32466 /* AppDelegate.swift in Sources */,
			);
			runOnlyForDeploymentPostprocessing = 0;
		};
		84E830641DB75CF800C32466 /* Sources */ = {
			isa = PBXSourcesBuildPhase;
			buildActionMask = 2147483647;
			files = (
				84E8306D1DB75CF800C32466 /* ServerSliderTests.swift in Sources */,
			);
			runOnlyForDeploymentPostprocessing = 0;
		};
		84E8306F1DB75CF800C32466 /* Sources */ = {
			isa = PBXSourcesBuildPhase;
			buildActionMask = 2147483647;
			files = (
				84E830781DB75CF800C32466 /* ServerSliderUITests.swift in Sources */,
			);
			runOnlyForDeploymentPostprocessing = 0;
		};
/* End PBXSourcesBuildPhase section */

/* Begin PBXTargetDependency section */
		84E8306A1DB75CF800C32466 /* PBXTargetDependency */ = {
			isa = PBXTargetDependency;
			target = 84E830561DB75CF800C32466 /* ServerSlider */;
			targetProxy = 84E830691DB75CF800C32466 /* PBXContainerItemProxy */;
		};
		84E830751DB75CF800C32466 /* PBXTargetDependency */ = {
			isa = PBXTargetDependency;
			target = 84E830561DB75CF800C32466 /* ServerSlider */;
			targetProxy = 84E830741DB75CF800C32466 /* PBXContainerItemProxy */;
		};
/* End PBXTargetDependency section */

/* Begin PBXVariantGroup section */
		84E830601DB75CF800C32466 /* Main.storyboard */ = {
			isa = PBXVariantGroup;
			children = (
				84E830611DB75CF800C32466 /* Base */,
			);
			name = Main.storyboard;
			sourceTree = "<group>";
		};
/* End PBXVariantGroup section */

/* Begin XCBuildConfiguration section */
		84E8307A1DB75CF800C32466 /* Debug */ = {
			isa = XCBuildConfiguration;
			buildSettings = {
				ALWAYS_SEARCH_USER_PATHS = NO;
				CLANG_ANALYZER_NONNULL = YES;
				CLANG_CXX_LANGUAGE_STANDARD = "gnu++0x";
				CLANG_CXX_LIBRARY = "libc++";
				CLANG_ENABLE_MODULES = YES;
				CLANG_ENABLE_OBJC_ARC = YES;
				CLANG_WARN_BOOL_CONVERSION = YES;
				CLANG_WARN_CONSTANT_CONVERSION = YES;
				CLANG_WARN_DIRECT_OBJC_ISA_USAGE = YES_ERROR;
				CLANG_WARN_DOCUMENTATION_COMMENTS = YES;
				CLANG_WARN_EMPTY_BODY = YES;
				CLANG_WARN_ENUM_CONVERSION = YES;
				CLANG_WARN_INFINITE_RECURSION = YES;
				CLANG_WARN_INT_CONVERSION = YES;
				CLANG_WARN_OBJC_ROOT_CLASS = YES_ERROR;
				CLANG_WARN_SUSPICIOUS_MOVES = YES;
				CLANG_WARN_UNREACHABLE_CODE = YES;
				CLANG_WARN__DUPLICATE_METHOD_MATCH = YES;
				CODE_SIGN_IDENTITY = "-";
				COPY_PHASE_STRIP = NO;
				DEBUG_INFORMATION_FORMAT = dwarf;
				ENABLE_STRICT_OBJC_MSGSEND = YES;
				ENABLE_TESTABILITY = YES;
				GCC_C_LANGUAGE_STANDARD = gnu99;
				GCC_DYNAMIC_NO_PIC = NO;
				GCC_NO_COMMON_BLOCKS = YES;
				GCC_OPTIMIZATION_LEVEL = 0;
				GCC_PREPROCESSOR_DEFINITIONS = (
					"DEBUG=1",
					"$(inherited)",
				);
				GCC_WARN_64_TO_32_BIT_CONVERSION = YES;
				GCC_WARN_ABOUT_RETURN_TYPE = YES_ERROR;
				GCC_WARN_UNDECLARED_SELECTOR = YES;
				GCC_WARN_UNINITIALIZED_AUTOS = YES_AGGRESSIVE;
				GCC_WARN_UNUSED_FUNCTION = YES;
				GCC_WARN_UNUSED_VARIABLE = YES;
				MACOSX_DEPLOYMENT_TARGET = 10.11;
				MTL_ENABLE_DEBUG_INFO = YES;
				ONLY_ACTIVE_ARCH = YES;
				SDKROOT = macosx;
				SWIFT_ACTIVE_COMPILATION_CONDITIONS = DEBUG;
				SWIFT_OPTIMIZATION_LEVEL = "-Onone";
			};
			name = Debug;
		};
		84E8307B1DB75CF800C32466 /* Release */ = {
			isa = XCBuildConfiguration;
			buildSettings = {
				ALWAYS_SEARCH_USER_PATHS = NO;
				CLANG_ANALYZER_NONNULL = YES;
				CLANG_CXX_LANGUAGE_STANDARD = "gnu++0x";
				CLANG_CXX_LIBRARY = "libc++";
				CLANG_ENABLE_MODULES = YES;
				CLANG_ENABLE_OBJC_ARC = YES;
				CLANG_WARN_BOOL_CONVERSION = YES;
				CLANG_WARN_CONSTANT_CONVERSION = YES;
				CLANG_WARN_DIRECT_OBJC_ISA_USAGE = YES_ERROR;
				CLANG_WARN_DOCUMENTATION_COMMENTS = YES;
				CLANG_WARN_EMPTY_BODY = YES;
				CLANG_WARN_ENUM_CONVERSION = YES;
				CLANG_WARN_INFINITE_RECURSION = YES;
				CLANG_WARN_INT_CONVERSION = YES;
				CLANG_WARN_OBJC_ROOT_CLASS = YES_ERROR;
				CLANG_WARN_SUSPICIOUS_MOVES = YES;
				CLANG_WARN_UNREACHABLE_CODE = YES;
				CLANG_WARN__DUPLICATE_METHOD_MATCH = YES;
				CODE_SIGN_IDENTITY = "-";
				COPY_PHASE_STRIP = NO;
				DEBUG_INFORMATION_FORMAT = "dwarf-with-dsym";
				ENABLE_NS_ASSERTIONS = NO;
				ENABLE_STRICT_OBJC_MSGSEND = YES;
				GCC_C_LANGUAGE_STANDARD = gnu99;
				GCC_NO_COMMON_BLOCKS = YES;
				GCC_WARN_64_TO_32_BIT_CONVERSION = YES;
				GCC_WARN_ABOUT_RETURN_TYPE = YES_ERROR;
				GCC_WARN_UNDECLARED_SELECTOR = YES;
				GCC_WARN_UNINITIALIZED_AUTOS = YES_AGGRESSIVE;
				GCC_WARN_UNUSED_FUNCTION = YES;
				GCC_WARN_UNUSED_VARIABLE = YES;
				MACOSX_DEPLOYMENT_TARGET = 10.11;
				MTL_ENABLE_DEBUG_INFO = NO;
				SDKROOT = macosx;
				SWIFT_OPTIMIZATION_LEVEL = "-Owholemodule";
			};
			name = Release;
		};
		84E8307D1DB75CF800C32466 /* Debug */ = {
			isa = XCBuildConfiguration;
			buildSettings = {
				ASSETCATALOG_COMPILER_APPICON_NAME = AppIcon;
				COMBINE_HIDPI_IMAGES = YES;
				INFOPLIST_FILE = ServerSlider/Info.plist;
				LD_RUNPATH_SEARCH_PATHS = "$(inherited) @executable_path/../Frameworks";
				PRODUCT_BUNDLE_IDENTIFIER = "Rocketbox-Ltd.ServerSlider";
				PRODUCT_NAME = "$(TARGET_NAME)";
				SWIFT_VERSION = 3.0;
			};
			name = Debug;
		};
		84E8307E1DB75CF800C32466 /* Release */ = {
			isa = XCBuildConfiguration;
			buildSettings = {
				ASSETCATALOG_COMPILER_APPICON_NAME = AppIcon;
				COMBINE_HIDPI_IMAGES = YES;
				INFOPLIST_FILE = ServerSlider/Info.plist;
				LD_RUNPATH_SEARCH_PATHS = "$(inherited) @executable_path/../Frameworks";
				PRODUCT_BUNDLE_IDENTIFIER = "Rocketbox-Ltd.ServerSlider";
				PRODUCT_NAME = "$(TARGET_NAME)";
				SWIFT_VERSION = 3.0;
			};
			name = Release;
		};
		84E830801DB75CF800C32466 /* Debug */ = {
			isa = XCBuildConfiguration;
			buildSettings = {
				ALWAYS_EMBED_SWIFT_STANDARD_LIBRARIES = YES;
				BUNDLE_LOADER = "$(TEST_HOST)";
				COMBINE_HIDPI_IMAGES = YES;
				INFOPLIST_FILE = ServerSliderTests/Info.plist;
				LD_RUNPATH_SEARCH_PATHS = "$(inherited) @executable_path/../Frameworks @loader_path/../Frameworks";
				PRODUCT_BUNDLE_IDENTIFIER = "Rocketbox-Ltd.ServerSliderTests";
				PRODUCT_NAME = "$(TARGET_NAME)";
				SWIFT_VERSION = 3.0;
				TEST_HOST = "$(BUILT_PRODUCTS_DIR)/ServerSlider.app/Contents/MacOS/ServerSlider";
			};
			name = Debug;
		};
		84E830811DB75CF800C32466 /* Release */ = {
			isa = XCBuildConfiguration;
			buildSettings = {
				ALWAYS_EMBED_SWIFT_STANDARD_LIBRARIES = YES;
				BUNDLE_LOADER = "$(TEST_HOST)";
				COMBINE_HIDPI_IMAGES = YES;
				INFOPLIST_FILE = ServerSliderTests/Info.plist;
				LD_RUNPATH_SEARCH_PATHS = "$(inherited) @executable_path/../Frameworks @loader_path/../Frameworks";
				PRODUCT_BUNDLE_IDENTIFIER = "Rocketbox-Ltd.ServerSliderTests";
				PRODUCT_NAME = "$(TARGET_NAME)";
				SWIFT_VERSION = 3.0;
				TEST_HOST = "$(BUILT_PRODUCTS_DIR)/ServerSlider.app/Contents/MacOS/ServerSlider";
			};
			name = Release;
		};
		84E830831DB75CF800C32466 /* Debug */ = {
			isa = XCBuildConfiguration;
			buildSettings = {
				ALWAYS_EMBED_SWIFT_STANDARD_LIBRARIES = YES;
				COMBINE_HIDPI_IMAGES = YES;
				INFOPLIST_FILE = ServerSliderUITests/Info.plist;
				LD_RUNPATH_SEARCH_PATHS = "$(inherited) @executable_path/../Frameworks @loader_path/../Frameworks";
				PRODUCT_BUNDLE_IDENTIFIER = "Rocketbox-Ltd.ServerSliderUITests";
				PRODUCT_NAME = "$(TARGET_NAME)";
				SWIFT_VERSION = 3.0;
				TEST_TARGET_NAME = ServerSlider;
			};
			name = Debug;
		};
		84E830841DB75CF800C32466 /* Release */ = {
			isa = XCBuildConfiguration;
			buildSettings = {
				ALWAYS_EMBED_SWIFT_STANDARD_LIBRARIES = YES;
				COMBINE_HIDPI_IMAGES = YES;
				INFOPLIST_FILE = ServerSliderUITests/Info.plist;
				LD_RUNPATH_SEARCH_PATHS = "$(inherited) @executable_path/../Frameworks @loader_path/../Frameworks";
				PRODUCT_BUNDLE_IDENTIFIER = "Rocketbox-Ltd.ServerSliderUITests";
				PRODUCT_NAME = "$(TARGET_NAME)";
				SWIFT_VERSION = 3.0;
				TEST_TARGET_NAME = ServerSlider;
			};
			name = Release;
		};
/* End XCBuildConfiguration section */

/* Begin XCConfigurationList section */
		84E830521DB75CF800C32466 /* Build configuration list for PBXProject "ServerSlider" */ = {
			isa = XCConfigurationList;
			buildConfigurations = (
				84E8307A1DB75CF800C32466 /* Debug */,
				84E8307B1DB75CF800C32466 /* Release */,
			);
			defaultConfigurationIsVisible = 0;
			defaultConfigurationName = Release;
		};
		84E8307C1DB75CF800C32466 /* Build configuration list for PBXNativeTarget "ServerSlider" */ = {
			isa = XCConfigurationList;
			buildConfigurations = (
				84E8307D1DB75CF800C32466 /* Debug */,
				84E8307E1DB75CF800C32466 /* Release */,
			);
			defaultConfigurationIsVisible = 0;
			defaultConfigurationName = Release;
		};
		84E8307F1DB75CF800C32466 /* Build configuration list for PBXNativeTarget "ServerSliderTests" */ = {
			isa = XCConfigurationList;
			buildConfigurations = (
				84E830801DB75CF800C32466 /* Debug */,
				84E830811DB75CF800C32466 /* Release */,
			);
			defaultConfigurationIsVisible = 0;
			defaultConfigurationName = Release;
		};
		84E830821DB75CF800C32466 /* Build configuration list for PBXNativeTarget "ServerSliderUITests" */ = {
			isa = XCConfigurationList;
			buildConfigurations = (
				84E830831DB75CF800C32466 /* Debug */,
				84E830841DB75CF800C32466 /* Release */,
			);
			defaultConfigurationIsVisible = 0;
			defaultConfigurationName = Release;
		};
/* End XCConfigurationList section */
	};
	rootObject = 84E8304F1DB75CF800C32466 /* Project object */;
}
