// !$*UTF8*$!
{
	archiveVersion = 1;
	classes = {
	};
	objectVersion = 46;
	objects = {

/* Begin PBXBuildFile section */
		8457C1AF1D98FBB7001B368B /* AppDelegate.swift in Sources */ = {isa = PBXBuildFile; fileRef = 8457C1AE1D98FBB7001B368B /* AppDelegate.swift */; };
		8457C1B11D98FBB7001B368B /* ViewController.swift in Sources */ = {isa = PBXBuildFile; fileRef = 8457C1B01D98FBB7001B368B /* ViewController.swift */; };
		8457C1B31D98FBB7001B368B /* Assets.xcassets in Resources */ = {isa = PBXBuildFile; fileRef = 8457C1B21D98FBB7001B368B /* Assets.xcassets */; };
		8457C1B61D98FBB7001B368B /* Main.storyboard in Resources */ = {isa = PBXBuildFile; fileRef = 8457C1B41D98FBB7001B368B /* Main.storyboard */; };
		8457C1C11D98FBB8001B368B /* WebSocketExperimentTests.swift in Sources */ = {isa = PBXBuildFile; fileRef = 8457C1C01D98FBB8001B368B /* WebSocketExperimentTests.swift */; };
		8457C1CC1D98FBB8001B368B /* WebSocketExperimentUITests.swift in Sources */ = {isa = PBXBuildFile; fileRef = 8457C1CB1D98FBB8001B368B /* WebSocketExperimentUITests.swift */; };
		8457C1DA1D98FBDF001B368B /* ServerWebSocket.swift in Sources */ = {isa = PBXBuildFile; fileRef = 8457C1D91D98FBDF001B368B /* ServerWebSocket.swift */; };
/* End PBXBuildFile section */

/* Begin PBXContainerItemProxy section */
		8457C1BD1D98FBB8001B368B /* PBXContainerItemProxy */ = {
			isa = PBXContainerItemProxy;
			containerPortal = 8457C1A31D98FBB7001B368B /* Project object */;
			proxyType = 1;
			remoteGlobalIDString = 8457C1AA1D98FBB7001B368B;
			remoteInfo = WebSocketExperiment;
		};
		8457C1C81D98FBB8001B368B /* PBXContainerItemProxy */ = {
			isa = PBXContainerItemProxy;
			containerPortal = 8457C1A31D98FBB7001B368B /* Project object */;
			proxyType = 1;
			remoteGlobalIDString = 8457C1AA1D98FBB7001B368B;
			remoteInfo = WebSocketExperiment;
		};
/* End PBXContainerItemProxy section */

/* Begin PBXFileReference section */
		8457C1AB1D98FBB7001B368B /* WebSocketExperiment.app */ = {isa = PBXFileReference; explicitFileType = wrapper.application; includeInIndex = 0; path = WebSocketExperiment.app; sourceTree = BUILT_PRODUCTS_DIR; };
		8457C1AE1D98FBB7001B368B /* AppDelegate.swift */ = {isa = PBXFileReference; lastKnownFileType = sourcecode.swift; path = AppDelegate.swift; sourceTree = "<group>"; };
		8457C1B01D98FBB7001B368B /* ViewController.swift */ = {isa = PBXFileReference; lastKnownFileType = sourcecode.swift; path = ViewController.swift; sourceTree = "<group>"; };
		8457C1B21D98FBB7001B368B /* Assets.xcassets */ = {isa = PBXFileReference; lastKnownFileType = folder.assetcatalog; path = Assets.xcassets; sourceTree = "<group>"; };
		8457C1B51D98FBB7001B368B /* Base */ = {isa = PBXFileReference; lastKnownFileType = file.storyboard; name = Base; path = Base.lproj/Main.storyboard; sourceTree = "<group>"; };
		8457C1B71D98FBB7001B368B /* Info.plist */ = {isa = PBXFileReference; lastKnownFileType = text.plist.xml; path = Info.plist; sourceTree = "<group>"; };
		8457C1BC1D98FBB8001B368B /* WebSocketExperimentTests.xctest */ = {isa = PBXFileReference; explicitFileType = wrapper.cfbundle; includeInIndex = 0; path = WebSocketExperimentTests.xctest; sourceTree = BUILT_PRODUCTS_DIR; };
		8457C1C01D98FBB8001B368B /* WebSocketExperimentTests.swift */ = {isa = PBXFileReference; lastKnownFileType = sourcecode.swift; path = WebSocketExperimentTests.swift; sourceTree = "<group>"; };
		8457C1C21D98FBB8001B368B /* Info.plist */ = {isa = PBXFileReference; lastKnownFileType = text.plist.xml; path = Info.plist; sourceTree = "<group>"; };
		8457C1C71D98FBB8001B368B /* WebSocketExperimentUITests.xctest */ = {isa = PBXFileReference; explicitFileType = wrapper.cfbundle; includeInIndex = 0; path = WebSocketExperimentUITests.xctest; sourceTree = BUILT_PRODUCTS_DIR; };
		8457C1CB1D98FBB8001B368B /* WebSocketExperimentUITests.swift */ = {isa = PBXFileReference; lastKnownFileType = sourcecode.swift; path = WebSocketExperimentUITests.swift; sourceTree = "<group>"; };
		8457C1CD1D98FBB8001B368B /* Info.plist */ = {isa = PBXFileReference; lastKnownFileType = text.plist.xml; path = Info.plist; sourceTree = "<group>"; };
		8457C1D91D98FBDF001B368B /* ServerWebSocket.swift */ = {isa = PBXFileReference; fileEncoding = 4; lastKnownFileType = sourcecode.swift; path = ServerWebSocket.swift; sourceTree = "<group>"; };
/* End PBXFileReference section */

/* Begin PBXFrameworksBuildPhase section */
		8457C1A81D98FBB7001B368B /* Frameworks */ = {
			isa = PBXFrameworksBuildPhase;
			buildActionMask = 2147483647;
			files = (
			);
			runOnlyForDeploymentPostprocessing = 0;
		};
		8457C1B91D98FBB8001B368B /* Frameworks */ = {
			isa = PBXFrameworksBuildPhase;
			buildActionMask = 2147483647;
			files = (
			);
			runOnlyForDeploymentPostprocessing = 0;
		};
		8457C1C41D98FBB8001B368B /* Frameworks */ = {
			isa = PBXFrameworksBuildPhase;
			buildActionMask = 2147483647;
			files = (
			);
			runOnlyForDeploymentPostprocessing = 0;
		};
/* End PBXFrameworksBuildPhase section */

/* Begin PBXGroup section */
		8457C1A21D98FBB7001B368B = {
			isa = PBXGroup;
			children = (
				8457C1AD1D98FBB7001B368B /* WebSocketExperiment */,
				8457C1BF1D98FBB8001B368B /* WebSocketExperimentTests */,
				8457C1CA1D98FBB8001B368B /* WebSocketExperimentUITests */,
				8457C1AC1D98FBB7001B368B /* Products */,
			);
			sourceTree = "<group>";
		};
		8457C1AC1D98FBB7001B368B /* Products */ = {
			isa = PBXGroup;
			children = (
				8457C1AB1D98FBB7001B368B /* WebSocketExperiment.app */,
				8457C1BC1D98FBB8001B368B /* WebSocketExperimentTests.xctest */,
				8457C1C71D98FBB8001B368B /* WebSocketExperimentUITests.xctest */,
			);
			name = Products;
			sourceTree = "<group>";
		};
		8457C1AD1D98FBB7001B368B /* WebSocketExperiment */ = {
			isa = PBXGroup;
			children = (
				8457C1AE1D98FBB7001B368B /* AppDelegate.swift */,
				8457C1B01D98FBB7001B368B /* ViewController.swift */,
				8457C1B21D98FBB7001B368B /* Assets.xcassets */,
				8457C1B41D98FBB7001B368B /* Main.storyboard */,
				8457C1B71D98FBB7001B368B /* Info.plist */,
				8457C1D91D98FBDF001B368B /* ServerWebSocket.swift */,
			);
			path = WebSocketExperiment;
			sourceTree = "<group>";
		};
		8457C1BF1D98FBB8001B368B /* WebSocketExperimentTests */ = {
			isa = PBXGroup;
			children = (
				8457C1C01D98FBB8001B368B /* WebSocketExperimentTests.swift */,
				8457C1C21D98FBB8001B368B /* Info.plist */,
			);
			path = WebSocketExperimentTests;
			sourceTree = "<group>";
		};
		8457C1CA1D98FBB8001B368B /* WebSocketExperimentUITests */ = {
			isa = PBXGroup;
			children = (
				8457C1CB1D98FBB8001B368B /* WebSocketExperimentUITests.swift */,
				8457C1CD1D98FBB8001B368B /* Info.plist */,
			);
			path = WebSocketExperimentUITests;
			sourceTree = "<group>";
		};
/* End PBXGroup section */

/* Begin PBXNativeTarget section */
		8457C1AA1D98FBB7001B368B /* WebSocketExperiment */ = {
			isa = PBXNativeTarget;
			buildConfigurationList = 8457C1D01D98FBB8001B368B /* Build configuration list for PBXNativeTarget "WebSocketExperiment" */;
			buildPhases = (
				8457C1A71D98FBB7001B368B /* Sources */,
				8457C1A81D98FBB7001B368B /* Frameworks */,
				8457C1A91D98FBB7001B368B /* Resources */,
			);
			buildRules = (
			);
			dependencies = (
			);
			name = WebSocketExperiment;
			productName = WebSocketExperiment;
			productReference = 8457C1AB1D98FBB7001B368B /* WebSocketExperiment.app */;
			productType = "com.apple.product-type.application";
		};
		8457C1BB1D98FBB8001B368B /* WebSocketExperimentTests */ = {
			isa = PBXNativeTarget;
			buildConfigurationList = 8457C1D31D98FBB8001B368B /* Build configuration list for PBXNativeTarget "WebSocketExperimentTests" */;
			buildPhases = (
				8457C1B81D98FBB8001B368B /* Sources */,
				8457C1B91D98FBB8001B368B /* Frameworks */,
				8457C1BA1D98FBB8001B368B /* Resources */,
			);
			buildRules = (
			);
			dependencies = (
				8457C1BE1D98FBB8001B368B /* PBXTargetDependency */,
			);
			name = WebSocketExperimentTests;
			productName = WebSocketExperimentTests;
			productReference = 8457C1BC1D98FBB8001B368B /* WebSocketExperimentTests.xctest */;
			productType = "com.apple.product-type.bundle.unit-test";
		};
		8457C1C61D98FBB8001B368B /* WebSocketExperimentUITests */ = {
			isa = PBXNativeTarget;
			buildConfigurationList = 8457C1D61D98FBB8001B368B /* Build configuration list for PBXNativeTarget "WebSocketExperimentUITests" */;
			buildPhases = (
				8457C1C31D98FBB8001B368B /* Sources */,
				8457C1C41D98FBB8001B368B /* Frameworks */,
				8457C1C51D98FBB8001B368B /* Resources */,
			);
			buildRules = (
			);
			dependencies = (
				8457C1C91D98FBB8001B368B /* PBXTargetDependency */,
			);
			name = WebSocketExperimentUITests;
			productName = WebSocketExperimentUITests;
			productReference = 8457C1C71D98FBB8001B368B /* WebSocketExperimentUITests.xctest */;
			productType = "com.apple.product-type.bundle.ui-testing";
		};
/* End PBXNativeTarget section */

/* Begin PBXProject section */
		8457C1A31D98FBB7001B368B /* Project object */ = {
			isa = PBXProject;
			attributes = {
				LastSwiftUpdateCheck = 0800;
				LastUpgradeCheck = 0800;
				ORGANIZATIONNAME = "Rocketbox Ltd";
				TargetAttributes = {
					8457C1AA1D98FBB7001B368B = {
						CreatedOnToolsVersion = 8.0;
						ProvisioningStyle = Automatic;
					};
					8457C1BB1D98FBB8001B368B = {
						CreatedOnToolsVersion = 8.0;
						ProvisioningStyle = Automatic;
						TestTargetID = 8457C1AA1D98FBB7001B368B;
					};
					8457C1C61D98FBB8001B368B = {
						CreatedOnToolsVersion = 8.0;
						ProvisioningStyle = Automatic;
						TestTargetID = 8457C1AA1D98FBB7001B368B;
					};
				};
			};
			buildConfigurationList = 8457C1A61D98FBB7001B368B /* Build configuration list for PBXProject "WebSocketExperiment" */;
			compatibilityVersion = "Xcode 3.2";
			developmentRegion = English;
			hasScannedForEncodings = 0;
			knownRegions = (
				en,
				Base,
			);
			mainGroup = 8457C1A21D98FBB7001B368B;
			productRefGroup = 8457C1AC1D98FBB7001B368B /* Products */;
			projectDirPath = "";
			projectRoot = "";
			targets = (
				8457C1AA1D98FBB7001B368B /* WebSocketExperiment */,
				8457C1BB1D98FBB8001B368B /* WebSocketExperimentTests */,
				8457C1C61D98FBB8001B368B /* WebSocketExperimentUITests */,
			);
		};
/* End PBXProject section */

/* Begin PBXResourcesBuildPhase section */
		8457C1A91D98FBB7001B368B /* Resources */ = {
			isa = PBXResourcesBuildPhase;
			buildActionMask = 2147483647;
			files = (
				8457C1B31D98FBB7001B368B /* Assets.xcassets in Resources */,
				8457C1B61D98FBB7001B368B /* Main.storyboard in Resources */,
			);
			runOnlyForDeploymentPostprocessing = 0;
		};
		8457C1BA1D98FBB8001B368B /* Resources */ = {
			isa = PBXResourcesBuildPhase;
			buildActionMask = 2147483647;
			files = (
			);
			runOnlyForDeploymentPostprocessing = 0;
		};
		8457C1C51D98FBB8001B368B /* Resources */ = {
			isa = PBXResourcesBuildPhase;
			buildActionMask = 2147483647;
			files = (
			);
			runOnlyForDeploymentPostprocessing = 0;
		};
/* End PBXResourcesBuildPhase section */

/* Begin PBXSourcesBuildPhase section */
		8457C1A71D98FBB7001B368B /* Sources */ = {
			isa = PBXSourcesBuildPhase;
			buildActionMask = 2147483647;
			files = (
				8457C1DA1D98FBDF001B368B /* ServerWebSocket.swift in Sources */,
				8457C1B11D98FBB7001B368B /* ViewController.swift in Sources */,
				8457C1AF1D98FBB7001B368B /* AppDelegate.swift in Sources */,
			);
			runOnlyForDeploymentPostprocessing = 0;
		};
		8457C1B81D98FBB8001B368B /* Sources */ = {
			isa = PBXSourcesBuildPhase;
			buildActionMask = 2147483647;
			files = (
				8457C1C11D98FBB8001B368B /* WebSocketExperimentTests.swift in Sources */,
			);
			runOnlyForDeploymentPostprocessing = 0;
		};
		8457C1C31D98FBB8001B368B /* Sources */ = {
			isa = PBXSourcesBuildPhase;
			buildActionMask = 2147483647;
			files = (
				8457C1CC1D98FBB8001B368B /* WebSocketExperimentUITests.swift in Sources */,
			);
			runOnlyForDeploymentPostprocessing = 0;
		};
/* End PBXSourcesBuildPhase section */

/* Begin PBXTargetDependency section */
		8457C1BE1D98FBB8001B368B /* PBXTargetDependency */ = {
			isa = PBXTargetDependency;
			target = 8457C1AA1D98FBB7001B368B /* WebSocketExperiment */;
			targetProxy = 8457C1BD1D98FBB8001B368B /* PBXContainerItemProxy */;
		};
		8457C1C91D98FBB8001B368B /* PBXTargetDependency */ = {
			isa = PBXTargetDependency;
			target = 8457C1AA1D98FBB7001B368B /* WebSocketExperiment */;
			targetProxy = 8457C1C81D98FBB8001B368B /* PBXContainerItemProxy */;
		};
/* End PBXTargetDependency section */

/* Begin PBXVariantGroup section */
		8457C1B41D98FBB7001B368B /* Main.storyboard */ = {
			isa = PBXVariantGroup;
			children = (
				8457C1B51D98FBB7001B368B /* Base */,
			);
			name = Main.storyboard;
			sourceTree = "<group>";
		};
/* End PBXVariantGroup section */

/* Begin XCBuildConfiguration section */
		8457C1CE1D98FBB8001B368B /* Debug */ = {
			isa = XCBuildConfiguration;
			buildSettings = {
				ALWAYS_SEARCH_USER_PATHS = NO;
				CLANG_ANALYZER_NONNULL = YES;
				CLANG_CXX_LANGUAGE_STANDARD = "gnu++0x";
				CLANG_CXX_LIBRARY = "libc++";
				CLANG_ENABLE_MODULES = YES;
				CLANG_ENABLE_OBJC_ARC = YES;
				CLANG_WARN_BOOL_CONVERSION = YES;
				CLANG_WARN_CONSTANT_CONVERSION = YES;
				CLANG_WARN_DIRECT_OBJC_ISA_USAGE = YES_ERROR;
				CLANG_WARN_DOCUMENTATION_COMMENTS = YES;
				CLANG_WARN_EMPTY_BODY = YES;
				CLANG_WARN_ENUM_CONVERSION = YES;
				CLANG_WARN_INFINITE_RECURSION = YES;
				CLANG_WARN_INT_CONVERSION = YES;
				CLANG_WARN_OBJC_ROOT_CLASS = YES_ERROR;
				CLANG_WARN_SUSPICIOUS_MOVES = YES;
				CLANG_WARN_UNREACHABLE_CODE = YES;
				CLANG_WARN__DUPLICATE_METHOD_MATCH = YES;
				CODE_SIGN_IDENTITY = "-";
				COPY_PHASE_STRIP = NO;
				DEBUG_INFORMATION_FORMAT = dwarf;
				ENABLE_STRICT_OBJC_MSGSEND = YES;
				ENABLE_TESTABILITY = YES;
				GCC_C_LANGUAGE_STANDARD = gnu99;
				GCC_DYNAMIC_NO_PIC = NO;
				GCC_NO_COMMON_BLOCKS = YES;
				GCC_OPTIMIZATION_LEVEL = 0;
				GCC_PREPROCESSOR_DEFINITIONS = (
					"DEBUG=1",
					"$(inherited)",
				);
				GCC_WARN_64_TO_32_BIT_CONVERSION = YES;
				GCC_WARN_ABOUT_RETURN_TYPE = YES_ERROR;
				GCC_WARN_UNDECLARED_SELECTOR = YES;
				GCC_WARN_UNINITIALIZED_AUTOS = YES_AGGRESSIVE;
				GCC_WARN_UNUSED_FUNCTION = YES;
				GCC_WARN_UNUSED_VARIABLE = YES;
				MACOSX_DEPLOYMENT_TARGET = 10.11;
				MTL_ENABLE_DEBUG_INFO = YES;
				ONLY_ACTIVE_ARCH = YES;
				SDKROOT = macosx;
				SWIFT_ACTIVE_COMPILATION_CONDITIONS = DEBUG;
				SWIFT_OPTIMIZATION_LEVEL = "-Onone";
			};
			name = Debug;
		};
		8457C1CF1D98FBB8001B368B /* Release */ = {
			isa = XCBuildConfiguration;
			buildSettings = {
				ALWAYS_SEARCH_USER_PATHS = NO;
				CLANG_ANALYZER_NONNULL = YES;
				CLANG_CXX_LANGUAGE_STANDARD = "gnu++0x";
				CLANG_CXX_LIBRARY = "libc++";
				CLANG_ENABLE_MODULES = YES;
				CLANG_ENABLE_OBJC_ARC = YES;
				CLANG_WARN_BOOL_CONVERSION = YES;
				CLANG_WARN_CONSTANT_CONVERSION = YES;
				CLANG_WARN_DIRECT_OBJC_ISA_USAGE = YES_ERROR;
				CLANG_WARN_DOCUMENTATION_COMMENTS = YES;
				CLANG_WARN_EMPTY_BODY = YES;
				CLANG_WARN_ENUM_CONVERSION = YES;
				CLANG_WARN_INFINITE_RECURSION = YES;
				CLANG_WARN_INT_CONVERSION = YES;
				CLANG_WARN_OBJC_ROOT_CLASS = YES_ERROR;
				CLANG_WARN_SUSPICIOUS_MOVES = YES;
				CLANG_WARN_UNREACHABLE_CODE = YES;
				CLANG_WARN__DUPLICATE_METHOD_MATCH = YES;
				CODE_SIGN_IDENTITY = "-";
				COPY_PHASE_STRIP = NO;
				DEBUG_INFORMATION_FORMAT = "dwarf-with-dsym";
				ENABLE_NS_ASSERTIONS = NO;
				ENABLE_STRICT_OBJC_MSGSEND = YES;
				GCC_C_LANGUAGE_STANDARD = gnu99;
				GCC_NO_COMMON_BLOCKS = YES;
				GCC_WARN_64_TO_32_BIT_CONVERSION = YES;
				GCC_WARN_ABOUT_RETURN_TYPE = YES_ERROR;
				GCC_WARN_UNDECLARED_SELECTOR = YES;
				GCC_WARN_UNINITIALIZED_AUTOS = YES_AGGRESSIVE;
				GCC_WARN_UNUSED_FUNCTION = YES;
				GCC_WARN_UNUSED_VARIABLE = YES;
				MACOSX_DEPLOYMENT_TARGET = 10.11;
				MTL_ENABLE_DEBUG_INFO = NO;
				SDKROOT = macosx;
				SWIFT_OPTIMIZATION_LEVEL = "-Owholemodule";
			};
			name = Release;
		};
		8457C1D11D98FBB8001B368B /* Debug */ = {
			isa = XCBuildConfiguration;
			buildSettings = {
				ASSETCATALOG_COMPILER_APPICON_NAME = AppIcon;
				COMBINE_HIDPI_IMAGES = YES;
				INFOPLIST_FILE = WebSocketExperiment/Info.plist;
				LD_RUNPATH_SEARCH_PATHS = "$(inherited) @executable_path/../Frameworks";
				PRODUCT_BUNDLE_IDENTIFIER = "Rocketbox-Ltd.WebSocketExperiment";
				PRODUCT_NAME = "$(TARGET_NAME)";
				SWIFT_VERSION = 3.0;
			};
			name = Debug;
		};
		8457C1D21D98FBB8001B368B /* Release */ = {
			isa = XCBuildConfiguration;
			buildSettings = {
				ASSETCATALOG_COMPILER_APPICON_NAME = AppIcon;
				COMBINE_HIDPI_IMAGES = YES;
				INFOPLIST_FILE = WebSocketExperiment/Info.plist;
				LD_RUNPATH_SEARCH_PATHS = "$(inherited) @executable_path/../Frameworks";
				PRODUCT_BUNDLE_IDENTIFIER = "Rocketbox-Ltd.WebSocketExperiment";
				PRODUCT_NAME = "$(TARGET_NAME)";
				SWIFT_VERSION = 3.0;
			};
			name = Release;
		};
		8457C1D41D98FBB8001B368B /* Debug */ = {
			isa = XCBuildConfiguration;
			buildSettings = {
				ALWAYS_EMBED_SWIFT_STANDARD_LIBRARIES = YES;
				BUNDLE_LOADER = "$(TEST_HOST)";
				COMBINE_HIDPI_IMAGES = YES;
				INFOPLIST_FILE = WebSocketExperimentTests/Info.plist;
				LD_RUNPATH_SEARCH_PATHS = "$(inherited) @executable_path/../Frameworks @loader_path/../Frameworks";
				PRODUCT_BUNDLE_IDENTIFIER = "Rocketbox-Ltd.WebSocketExperimentTests";
				PRODUCT_NAME = "$(TARGET_NAME)";
				SWIFT_VERSION = 3.0;
				TEST_HOST = "$(BUILT_PRODUCTS_DIR)/WebSocketExperiment.app/Contents/MacOS/WebSocketExperiment";
			};
			name = Debug;
		};
		8457C1D51D98FBB8001B368B /* Release */ = {
			isa = XCBuildConfiguration;
			buildSettings = {
				ALWAYS_EMBED_SWIFT_STANDARD_LIBRARIES = YES;
				BUNDLE_LOADER = "$(TEST_HOST)";
				COMBINE_HIDPI_IMAGES = YES;
				INFOPLIST_FILE = WebSocketExperimentTests/Info.plist;
				LD_RUNPATH_SEARCH_PATHS = "$(inherited) @executable_path/../Frameworks @loader_path/../Frameworks";
				PRODUCT_BUNDLE_IDENTIFIER = "Rocketbox-Ltd.WebSocketExperimentTests";
				PRODUCT_NAME = "$(TARGET_NAME)";
				SWIFT_VERSION = 3.0;
				TEST_HOST = "$(BUILT_PRODUCTS_DIR)/WebSocketExperiment.app/Contents/MacOS/WebSocketExperiment";
			};
			name = Release;
		};
		8457C1D71D98FBB8001B368B /* Debug */ = {
			isa = XCBuildConfiguration;
			buildSettings = {
				ALWAYS_EMBED_SWIFT_STANDARD_LIBRARIES = YES;
				COMBINE_HIDPI_IMAGES = YES;
				INFOPLIST_FILE = WebSocketExperimentUITests/Info.plist;
				LD_RUNPATH_SEARCH_PATHS = "$(inherited) @executable_path/../Frameworks @loader_path/../Frameworks";
				PRODUCT_BUNDLE_IDENTIFIER = "Rocketbox-Ltd.WebSocketExperimentUITests";
				PRODUCT_NAME = "$(TARGET_NAME)";
				SWIFT_VERSION = 3.0;
				TEST_TARGET_NAME = WebSocketExperiment;
			};
			name = Debug;
		};
		8457C1D81D98FBB8001B368B /* Release */ = {
			isa = XCBuildConfiguration;
			buildSettings = {
				ALWAYS_EMBED_SWIFT_STANDARD_LIBRARIES = YES;
				COMBINE_HIDPI_IMAGES = YES;
				INFOPLIST_FILE = WebSocketExperimentUITests/Info.plist;
				LD_RUNPATH_SEARCH_PATHS = "$(inherited) @executable_path/../Frameworks @loader_path/../Frameworks";
				PRODUCT_BUNDLE_IDENTIFIER = "Rocketbox-Ltd.WebSocketExperimentUITests";
				PRODUCT_NAME = "$(TARGET_NAME)";
				SWIFT_VERSION = 3.0;
				TEST_TARGET_NAME = WebSocketExperiment;
			};
			name = Release;
		};
/* End XCBuildConfiguration section */

/* Begin XCConfigurationList section */
		8457C1A61D98FBB7001B368B /* Build configuration list for PBXProject "WebSocketExperiment" */ = {
			isa = XCConfigurationList;
			buildConfigurations = (
				8457C1CE1D98FBB8001B368B /* Debug */,
				8457C1CF1D98FBB8001B368B /* Release */,
			);
			defaultConfigurationIsVisible = 0;
			defaultConfigurationName = Release;
		};
		8457C1D01D98FBB8001B368B /* Build configuration list for PBXNativeTarget "WebSocketExperiment" */ = {
			isa = XCConfigurationList;
			buildConfigurations = (
				8457C1D11D98FBB8001B368B /* Debug */,
				8457C1D21D98FBB8001B368B /* Release */,
			);
			defaultConfigurationIsVisible = 0;
		};
		8457C1D31D98FBB8001B368B /* Build configuration list for PBXNativeTarget "WebSocketExperimentTests" */ = {
			isa = XCConfigurationList;
			buildConfigurations = (
				8457C1D41D98FBB8001B368B /* Debug */,
				8457C1D51D98FBB8001B368B /* Release */,
			);
			defaultConfigurationIsVisible = 0;
		};
		8457C1D61D98FBB8001B368B /* Build configuration list for PBXNativeTarget "WebSocketExperimentUITests" */ = {
			isa = XCConfigurationList;
			buildConfigurations = (
				8457C1D71D98FBB8001B368B /* Debug */,
				8457C1D81D98FBB8001B368B /* Release */,
			);
			defaultConfigurationIsVisible = 0;
		};
/* End XCConfigurationList section */
	};
	rootObject = 8457C1A31D98FBB7001B368B /* Project object */;
}
